{"version":4,"terraform_version":"1.9.1","serial":3,"lineage":"5803e994-657c-6c41-405a-121f003bd686","outputs":{},"resources":[{"mode":"managed","type":"libvirt_cloudinit_disk","name":"commoninit","provider":"provider[\"registry.opentofu.org/dmacvicar/libvirt\"]","instances":[{"schema_version":0,"attributes":{"id":"/var/lib/libvirt/images/debian-12-base-cloudinit.iso;c19b215f-4c12-4198-823e-276e802979f0","meta_data":"","name":"debian-12-base-cloudinit.iso","network_config":"","pool":"default","user_data":"#cloud-config\nhostname: debian12-base\n\nusers:\n  - name: root\n    ssh-authorized-keys:\n      - ssh-ed25519 AAAAC3NzaC1lZDI1NTE5AAAAIPs/hWAelf2ahoRid1xEPs75fecE/bci0Lt3RI6Feqpk berk@berk\n    lock_passwd: false\n    shell: /bin/bash\n\nchpasswd:\n  list: |\n    root:root\n  expire: False\n\npackages:\n  - vim\n  - htop\n  - curl\n"},"sensitive_attributes":[],"private":"bnVsbA=="}]},{"mode":"managed","type":"libvirt_domain","name":"debian-12-base","provider":"provider[\"registry.opentofu.org/dmacvicar/libvirt\"]","instances":[{"schema_version":0,"attributes":{"arch":"x86_64","autostart":false,"boot_device":[],"cloudinit":"/var/lib/libvirt/images/debian-12-base-cloudinit.iso;c19b215f-4c12-4198-823e-276e802979f0","cmdline":null,"console":[{"source_host":"127.0.0.1","source_path":"","source_service":"0","target_port":"0","target_type":"serial","type":"pty"}],"coreos_ignition":null,"cpu":[{"mode":"custom"}],"description":"","disk":[{"block_device":"","file":"","scsi":false,"url":"","volume_id":"/var/lib/libvirt/images/debian12-base.qcow2","wwn":""}],"emulator":"/usr/bin/qemu-system-x86_64","filesystem":[],"firmware":null,"fw_cfg_name":"opt/com.coreos/config","graphics":[{"autoport":true,"listen_address":"0.0.0.0","listen_type":"address","type":"vnc","websocket":0}],"id":"d7edbf60-ff03-496b-90ae-714b6da8d974","initrd":"","kernel":"","machine":"pc","memory":2048,"metadata":null,"name":"debian-12-base","network_interface":[{"addresses":[],"bridge":"","hostname":"","mac":"52:54:00:0A:DF:A3","macvtap":"","network_id":"d96fc7e0-b7fd-4841-a84d-f61b21a2df46","network_name":"default","passthrough":"","private":"","vepa":"","wait_for_lease":false}],"nvram":null,"qemu_agent":false,"running":true,"timeouts":null,"tpm":[],"type":"kvm","vcpu":2,"video":[],"xml":[]},"sensitive_attributes":[],"private":"eyJlMmJmYjczMC1lY2FhLTExZTYtOGY4OC0zNDM2M2JjN2M0YzAiOnsiY3JlYXRlIjozMDAwMDAwMDAwMDB9fQ==","dependencies":["libvirt_cloudinit_disk.commoninit","libvirt_volume.debian12-base-qcow2"]}]},{"mode":"managed","type":"libvirt_volume","name":"debian12-base-qcow2","provider":"provider[\"registry.opentofu.org/dmacvicar/libvirt\"]","instances":[{"schema_version":0,"attributes":{"base_volume_id":null,"base_volume_name":null,"base_volume_pool":null,"format":"qcow2","id":"/var/lib/libvirt/images/debian12-base.qcow2","name":"debian12-base.qcow2","pool":"default","size":3221225472,"source":"https://cloud.debian.org/images/cloud/bookworm/20250530-2128/debian-12-genericcloud-amd64-20250530-2128.qcow2","xml":[]},"sensitive_attributes":[],"private":"bnVsbA=="}]}],"check_results":null}
