{"version":4,"terraform_version":"1.10.1","serial":46,"lineage":"f182bc51-4faf-b3dd-b59e-4b8385ce359e","outputs":{},"resources":[{"mode":"managed","type":"libvirt_cloudinit_disk","name":"cloudinit","provider":"provider[\"registry.opentofu.org/dmacvicar/libvirt\"]","instances":[{"schema_version":0,"attributes":{"id":"/var/lib/libvirt/images/debian-12-base-cloudinit.iso;41f2641c-60e7-41f6-af5e-7c1d3a0dbcdc","meta_data":"","name":"debian-12-base-cloudinit.iso","network_config":"version: 2\nethernets:\n  ens3:\n    dhcp4: yes\n    addresses:\n      - 192.168.122.50/24\n    gateway4: 192.168.122.1\n    nameservers:\n      addresses:\n        - 8.8.8.8\n        - 8.8.4.4","pool":"default","user_data":"#cloud-config\nssh_pwauth: true\nhostname: debian12-base\n\nusers:\n  - name: debian\n    sudo: ALL=(ALL) NOPASSWD:ALL\n    groups: sudo\n    shell: /bin/bash\n    lock_passwd: false\n    passwd: \"$6$TAZtqghXWKKjIOjr$X4opPx3ku4vkgUByJUJC9H75kDyhMf8tO/ziij1Kt4Hr9lPlqvfYutSvnRHICNUY2AtEKrxPAhUqk0dHXQU/1/\"\n\n  - name: root\n    lock_passwd: true\n    ssh-authorized-keys: ssh-ed25519 AAAAC3NzaC1lZDI1NTE5AAAAIPs/hWAelf2ahoRid1xEPs75fecE/bci0Lt3RI6Feqpk berk@berk\n    shell: /bin/bash\n\npackages:\n  - vim\n  - htop\n  - curl\n  - ncdu\n  - net-tools\n\nruncmd:\n  - sed -i \"s/127.0.1.1.*/127.0.1.1 debian12-base debian12-base.local/\" /etc/hosts\n  - echo 'export PS1=\"\\[\\e[38;5;48m\\]\\u\\[\\e[m\\]\\[\\e[38;5;141m\\]@\\[\\e[38;5;206m\\]\\h\\[\\e[38;5;203m\\][\\$(hostname -I | awk '\\''{print \\$1}'\\'')]\\e[m\\]\\[\\e[38;5;215m\\] \\w\\[\\e[38;5;141m\\] \u003e \\[\\e[m\\]\"' \u003e\u003e /home/debian/.bashrc\n  - echo 'export PS1=\"\\[\\e[38;5;48m\\]\\u\\[\\e[m\\]\\[\\e[38;5;141m\\]@\\[\\e[38;5;206m\\]\\h\\[\\e[38;5;203m\\][\\$(hostname -I | awk '\\''{print \\$1}'\\'')]\\e[m\\]\\[\\e[38;5;215m\\] \\w\\[\\e[38;5;141m\\] \u003e \\[\\e[m\\]\"' \u003e\u003e /root/.bashrc\n  - [ systemctl, stop, apparmor ] # Test Amaçlı Makakinenin Hızlı Ayağa Kalkması İçin! Kesinlikle Önerilmez\n  - [ systemctl, disable, apparmor ] # Test Amaçlı Makakinenin Hızlı Ayağa Kalkması İçin! Kesinlikle Önerilmez\n"},"sensitive_attributes":[],"private":"bnVsbA=="}]},{"mode":"managed","type":"libvirt_domain","name":"debian-12-base","provider":"provider[\"registry.opentofu.org/dmacvicar/libvirt\"]","instances":[{"schema_version":0,"attributes":{"arch":"x86_64","autostart":false,"boot_device":[],"cloudinit":"/var/lib/libvirt/images/debian-12-base-cloudinit.iso;41f2641c-60e7-41f6-af5e-7c1d3a0dbcdc","cmdline":null,"console":[{"source_host":"127.0.0.1","source_path":"","source_service":"0","target_port":"0","target_type":"serial","type":"pty"}],"coreos_ignition":null,"cpu":[{"mode":"custom"}],"description":"","disk":[{"block_device":"","file":"","scsi":false,"url":"","volume_id":"/var/lib/libvirt/images/debian12-cloud-generic.qcow2","wwn":""}],"emulator":"/usr/bin/qemu-system-x86_64","filesystem":[],"firmware":null,"fw_cfg_name":"opt/com.coreos/config","graphics":[{"autoport":true,"listen_address":"0.0.0.0","listen_type":"address","type":"vnc","websocket":0}],"id":"37685198-d334-4bdc-9537-0dffbfcab259","initrd":"","kernel":"","machine":"pc","memory":8192,"metadata":null,"name":"debian-12-base","network_interface":[{"addresses":[],"bridge":"virbr0","hostname":"","mac":"52:54:00:8E:71:B9","macvtap":"","network_id":"","network_name":"","passthrough":"","private":"","vepa":"","wait_for_lease":false}],"nvram":null,"qemu_agent":false,"running":true,"timeouts":null,"tpm":[],"type":"kvm","vcpu":6,"video":[],"xml":[]},"sensitive_attributes":[],"private":"eyJlMmJmYjczMC1lY2FhLTExZTYtOGY4OC0zNDM2M2JjN2M0YzAiOnsiY3JlYXRlIjozMDAwMDAwMDAwMDB9fQ==","dependencies":["libvirt_cloudinit_disk.cloudinit","libvirt_volume.debian12-cloud-generic"]}]},{"mode":"managed","type":"libvirt_volume","name":"debian12-base-disk","provider":"provider[\"registry.opentofu.org/dmacvicar/libvirt\"]","instances":[{"schema_version":0,"attributes":{"base_volume_id":null,"base_volume_name":null,"base_volume_pool":null,"format":"qcow2","id":"/var/lib/libvirt/images/debian12-base-disk.qcow2","name":"debian12-base-disk.qcow2","pool":"default","size":1024,"source":null,"xml":[]},"sensitive_attributes":[],"private":"bnVsbA=="}]},{"mode":"managed","type":"libvirt_volume","name":"debian12-cloud-generic","provider":"provider[\"registry.opentofu.org/dmacvicar/libvirt\"]","instances":[{"schema_version":0,"attributes":{"base_volume_id":null,"base_volume_name":null,"base_volume_pool":null,"format":"qcow2","id":"/var/lib/libvirt/images/debian12-cloud-generic.qcow2","name":"debian12-cloud-generic.qcow2","pool":"default","size":3221225472,"source":"https://cloud.debian.org/images/cloud/bookworm/latest/debian-12-generic-amd64.qcow2","xml":[]},"sensitive_attributes":[],"private":"bnVsbA=="}]}],"check_results":null}
